
Microsoft Visual Studio Solution File, Format Version 12.00
# Visual Studio Version 17
VisualStudioVersion = 17.4.33213.308
MinimumVisualStudioVersion = 10.0.40219.1
Project("{FAE04EC0-301F-11D3-BF4B-00C04F79EFBC}") = "week 2", "week 2\week 2.csproj", "{38D7BF63-4565-427B-8039-B6A1B29767AB}"
EndProject
Global
	GlobalSection(SolutionConfigurationPlatforms) = preSolution
		Debug|Any CPU = Debug|Any CPU
		Release|Any CPU = Release|Any CPU
	EndGlobalSection
	GlobalSection(ProjectConfigurationPlatforms) = postSolution
		{38D7BF63-4565-427B-8039-B6A1B29767AB}.Debug|Any CPU.ActiveCfg = Debug|Any CPU
		{38D7BF63-4565-427B-8039-B6A1B29767AB}.Debug|Any CPU.Build.0 = Debug|Any CPU
		{38D7BF63-4565-427B-8039-B6A1B29767AB}.Release|Any CPU.ActiveCfg = Release|Any CPU
		{38D7BF63-4565-427B-8039-B6A1B29767AB}.Release|Any CPU.Build.0 = Release|Any CPU
	EndGlobalSection
	GlobalSection(SolutionProperties) = preSolution
		HideSolutionNode = FALSE
	EndGlobalSection
	GlobalSection(ExtensibilityGlobals) = postSolution
		SolutionGuid = {38F6A37C-F1DC-43AA-A96B-E3B3B7A6B92A}
	EndGlobalSection
EndGlobal
